
Microsoft Visual Studio Solution File, Format Version 12.00
# Visual Studio Version 16
VisualStudioVersion = 16.0.32002.261
MinimumVisualStudioVersion = 10.0.40219.1
Project("{FAE04EC0-301F-11D3-BF4B-00C04F79EFBC}") = "XXPro.Practis", "XXPro.Practis\XXPro.Practis.csproj", "{087FB402-2AF5-4444-8B06-2D08ACA28422}"
EndProject
Project("{FAE04EC0-301F-11D3-BF4B-00C04F79EFBC}") = "XXPro.ClassLibrary1", "XXPro.ClassLibrary1\XXPro.ClassLibrary1.csproj", "{07FE8628-F791-40C3-85E6-C6C655E68543}"
EndProject
Project("{9A19103F-16F7-4668-BE54-9A1E7A4F7556}") = "CS06", "CS06\CS06.csproj", "{723BE1DB-0963-4A5E-B5B6-540CB6B9C75E}"
EndProject
Project("{FAE04EC0-301F-11D3-BF4B-00C04F79EFBC}") = "CS07", "CS07\CS07.csproj", "{A975B3E2-D3B5-4E3C-A34A-A450952302DD}"
EndProject
Project("{FAE04EC0-301F-11D3-BF4B-00C04F79EFBC}") = "CS08", "CS08\CS08.csproj", "{35E88176-DEDF-4DD1-86C6-D378A204DB24}"
EndProject
Project("{9A19103F-16F7-4668-BE54-9A1E7A4F7556}") = "CS09", "CS09\CS09.csproj", "{7BA53E56-EAC1-4CD6-83D0-94EE2A49C723}"
EndProject
Project("{FAE04EC0-301F-11D3-BF4B-00C04F79EFBC}") = "CS10", "CS10\CS10.csproj", "{34E76398-EDA2-454E-97FD-93303FF3AAFF}"
EndProject
Project("{FAE04EC0-301F-11D3-BF4B-00C04F79EFBC}") = "CS11", "CS11\CS11.csproj", "{ADD7A39F-4129-4FAD-9818-11F9ABFCD542}"
EndProject
Project("{9A19103F-16F7-4668-BE54-9A1E7A4F7556}") = "CS12", "CS12\CS12.csproj", "{7505B909-FFC9-4586-AD0D-2382E88B7A9E}"
EndProject
Project("{FAE04EC0-301F-11D3-BF4B-00C04F79EFBC}") = "CS13", "CS13\CS13.csproj", "{A1EFAE8E-D98C-4085-AE4D-B105888906B5}"
EndProject
Project("{FAE04EC0-301F-11D3-BF4B-00C04F79EFBC}") = "CS14", "CS14\CS14.csproj", "{F8E79E85-B004-4821-A8F8-A33D8F030246}"
EndProject
Project("{9A19103F-16F7-4668-BE54-9A1E7A4F7556}") = "CS15", "CS15\CS15.csproj", "{F851AAA9-E258-4C82-8FC7-E281C48656EF}"
EndProject
Project("{9A19103F-16F7-4668-BE54-9A1E7A4F7556}") = "CS16", "CS16\CS16.csproj", "{8E82E01F-FCE1-417D-9B09-2DF737C9F569}"
EndProject
Project("{9A19103F-16F7-4668-BE54-9A1E7A4F7556}") = "CS17", "CS17\CS17.csproj", "{A0ED80BC-80D5-41B8-B73B-CD7731005F80}"
EndProject
Project("{FAE04EC0-301F-11D3-BF4B-00C04F79EFBC}") = "CS18", "CS18\CS18.csproj", "{74BD53B4-74EE-4809-AAAE-A72DAD86AE43}"
EndProject
Project("{9A19103F-16F7-4668-BE54-9A1E7A4F7556}") = "CS20", "CS20\CS20.csproj", "{5E80AE27-EC53-44D7-AC5B-A05A6877FFBE}"
EndProject
Project("{FAE04EC0-301F-11D3-BF4B-00C04F79EFBC}") = "CS21", "CS21\CS21.csproj", "{D847D173-164F-4FF4-B6B9-038621BD0A57}"
EndProject
Project("{FAE04EC0-301F-11D3-BF4B-00C04F79EFBC}") = "CS22", "CS22\CS22.csproj", "{D662073F-F83D-4A0F-AC9D-86AF4D1D8991}"
EndProject
Project("{FAE04EC0-301F-11D3-BF4B-00C04F79EFBC}") = "CS22-b", "CS22-b\CS22-b.csproj", "{2BD170F9-4D91-4E54-82C3-DA77B9579553}"
EndProject
Project("{9A19103F-16F7-4668-BE54-9A1E7A4F7556}") = "CS23", "CS23\CS23.csproj", "{6D3C4F63-3078-4EB4-BA3F-6FE586721CFF}"
EndProject
Project("{9A19103F-16F7-4668-BE54-9A1E7A4F7556}") = "CS24", "CS24\CS24.csproj", "{850EC39A-A975-4822-AC2A-A1D145BD0795}"
EndProject
Project("{FAE04EC0-301F-11D3-BF4B-00C04F79EFBC}") = "CS25", "CS25\CS25.csproj", "{8B8BB643-3F05-4E0E-82FD-210F20CFFA2E}"
EndProject
Project("{FAE04EC0-301F-11D3-BF4B-00C04F79EFBC}") = "CS26", "CS26\CS26.csproj", "{1FA77078-8D25-4638-9AAD-55ED613ADBFB}"
EndProject
Project("{9A19103F-16F7-4668-BE54-9A1E7A4F7556}") = "CS27", "CS27\CS27.csproj", "{4678B05E-CD3D-4E6E-BB1A-4FCA86664640}"
EndProject
Project("{FAE04EC0-301F-11D3-BF4B-00C04F79EFBC}") = "CS28", "CS28\CS28.csproj", "{1264CEB8-195B-4C5F-B368-005D5B88B18D}"
EndProject
Project("{FAE04EC0-301F-11D3-BF4B-00C04F79EFBC}") = "CS29", "CS29\CS29.csproj", "{63759FDA-2CB3-4323-8B02-C575160F9AE6}"
EndProject
Project("{9A19103F-16F7-4668-BE54-9A1E7A4F7556}") = "CS30", "CS30\CS30.csproj", "{C54D688A-69CD-421C-9BC1-DF391A0C13CC}"
EndProject
Project("{9A19103F-16F7-4668-BE54-9A1E7A4F7556}") = "CS31", "CS31\CS31.csproj", "{D3C00E91-85C1-42F3-B6AC-8D069F2C0B6D}"
EndProject
Project("{9A19103F-16F7-4668-BE54-9A1E7A4F7556}") = "CS32", "CS32\CS32.csproj", "{09D2E593-D7CF-44C9-A05A-A321C6212EE0}"
EndProject
Project("{FAE04EC0-301F-11D3-BF4B-00C04F79EFBC}") = "CS33", "CS33\CS33.csproj", "{F8DF05F3-1026-4CD9-B71C-8D4037F69E80}"
EndProject
Global
	GlobalSection(SolutionConfigurationPlatforms) = preSolution
		Debug|Any CPU = Debug|Any CPU
		Release|Any CPU = Release|Any CPU
	EndGlobalSection
	GlobalSection(ProjectConfigurationPlatforms) = postSolution
		{087FB402-2AF5-4444-8B06-2D08ACA28422}.Debug|Any CPU.ActiveCfg = Debug|Any CPU
		{087FB402-2AF5-4444-8B06-2D08ACA28422}.Debug|Any CPU.Build.0 = Debug|Any CPU
		{087FB402-2AF5-4444-8B06-2D08ACA28422}.Release|Any CPU.ActiveCfg = Release|Any CPU
		{087FB402-2AF5-4444-8B06-2D08ACA28422}.Release|Any CPU.Build.0 = Release|Any CPU
		{07FE8628-F791-40C3-85E6-C6C655E68543}.Debug|Any CPU.ActiveCfg = Debug|Any CPU
		{07FE8628-F791-40C3-85E6-C6C655E68543}.Debug|Any CPU.Build.0 = Debug|Any CPU
		{07FE8628-F791-40C3-85E6-C6C655E68543}.Release|Any CPU.ActiveCfg = Release|Any CPU
		{07FE8628-F791-40C3-85E6-C6C655E68543}.Release|Any CPU.Build.0 = Release|Any CPU
		{723BE1DB-0963-4A5E-B5B6-540CB6B9C75E}.Debug|Any CPU.ActiveCfg = Debug|Any CPU
		{723BE1DB-0963-4A5E-B5B6-540CB6B9C75E}.Debug|Any CPU.Build.0 = Debug|Any CPU
		{723BE1DB-0963-4A5E-B5B6-540CB6B9C75E}.Release|Any CPU.ActiveCfg = Release|Any CPU
		{723BE1DB-0963-4A5E-B5B6-540CB6B9C75E}.Release|Any CPU.Build.0 = Release|Any CPU
		{A975B3E2-D3B5-4E3C-A34A-A450952302DD}.Debug|Any CPU.ActiveCfg = Debug|Any CPU
		{A975B3E2-D3B5-4E3C-A34A-A450952302DD}.Debug|Any CPU.Build.0 = Debug|Any CPU
		{A975B3E2-D3B5-4E3C-A34A-A450952302DD}.Release|Any CPU.ActiveCfg = Release|Any CPU
		{A975B3E2-D3B5-4E3C-A34A-A450952302DD}.Release|Any CPU.Build.0 = Release|Any CPU
		{35E88176-DEDF-4DD1-86C6-D378A204DB24}.Debug|Any CPU.ActiveCfg = Debug|Any CPU
		{35E88176-DEDF-4DD1-86C6-D378A204DB24}.Debug|Any CPU.Build.0 = Debug|Any CPU
		{35E88176-DEDF-4DD1-86C6-D378A204DB24}.Release|Any CPU.ActiveCfg = Release|Any CPU
		{35E88176-DEDF-4DD1-86C6-D378A204DB24}.Release|Any CPU.Build.0 = Release|Any CPU
		{7BA53E56-EAC1-4CD6-83D0-94EE2A49C723}.Debug|Any CPU.ActiveCfg = Debug|Any CPU
		{7BA53E56-EAC1-4CD6-83D0-94EE2A49C723}.Debug|Any CPU.Build.0 = Debug|Any CPU
		{7BA53E56-EAC1-4CD6-83D0-94EE2A49C723}.Release|Any CPU.ActiveCfg = Release|Any CPU
		{7BA53E56-EAC1-4CD6-83D0-94EE2A49C723}.Release|Any CPU.Build.0 = Release|Any CPU
		{34E76398-EDA2-454E-97FD-93303FF3AAFF}.Debug|Any CPU.ActiveCfg = Debug|Any CPU
		{34E76398-EDA2-454E-97FD-93303FF3AAFF}.Debug|Any CPU.Build.0 = Debug|Any CPU
		{34E76398-EDA2-454E-97FD-93303FF3AAFF}.Release|Any CPU.ActiveCfg = Release|Any CPU
		{34E76398-EDA2-454E-97FD-93303FF3AAFF}.Release|Any CPU.Build.0 = Release|Any CPU
		{ADD7A39F-4129-4FAD-9818-11F9ABFCD542}.Debug|Any CPU.ActiveCfg = Debug|Any CPU
		{ADD7A39F-4129-4FAD-9818-11F9ABFCD542}.Debug|Any CPU.Build.0 = Debug|Any CPU
		{ADD7A39F-4129-4FAD-9818-11F9ABFCD542}.Release|Any CPU.ActiveCfg = Release|Any CPU
		{ADD7A39F-4129-4FAD-9818-11F9ABFCD542}.Release|Any CPU.Build.0 = Release|Any CPU
		{7505B909-FFC9-4586-AD0D-2382E88B7A9E}.Debug|Any CPU.ActiveCfg = Debug|Any CPU
		{7505B909-FFC9-4586-AD0D-2382E88B7A9E}.Debug|Any CPU.Build.0 = Debug|Any CPU
		{7505B909-FFC9-4586-AD0D-2382E88B7A9E}.Release|Any CPU.ActiveCfg = Release|Any CPU
		{7505B909-FFC9-4586-AD0D-2382E88B7A9E}.Release|Any CPU.Build.0 = Release|Any CPU
		{A1EFAE8E-D98C-4085-AE4D-B105888906B5}.Debug|Any CPU.ActiveCfg = Debug|Any CPU
		{A1EFAE8E-D98C-4085-AE4D-B105888906B5}.Debug|Any CPU.Build.0 = Debug|Any CPU
		{A1EFAE8E-D98C-4085-AE4D-B105888906B5}.Release|Any CPU.ActiveCfg = Release|Any CPU
		{A1EFAE8E-D98C-4085-AE4D-B105888906B5}.Release|Any CPU.Build.0 = Release|Any CPU
		{F8E79E85-B004-4821-A8F8-A33D8F030246}.Debug|Any CPU.ActiveCfg = Debug|Any CPU
		{F8E79E85-B004-4821-A8F8-A33D8F030246}.Debug|Any CPU.Build.0 = Debug|Any CPU
		{F8E79E85-B004-4821-A8F8-A33D8F030246}.Release|Any CPU.ActiveCfg = Release|Any CPU
		{F8E79E85-B004-4821-A8F8-A33D8F030246}.Release|Any CPU.Build.0 = Release|Any CPU
		{F851AAA9-E258-4C82-8FC7-E281C48656EF}.Debug|Any CPU.ActiveCfg = Debug|Any CPU
		{F851AAA9-E258-4C82-8FC7-E281C48656EF}.Debug|Any CPU.Build.0 = Debug|Any CPU
		{F851AAA9-E258-4C82-8FC7-E281C48656EF}.Release|Any CPU.ActiveCfg = Release|Any CPU
		{F851AAA9-E258-4C82-8FC7-E281C48656EF}.Release|Any CPU.Build.0 = Release|Any CPU
		{8E82E01F-FCE1-417D-9B09-2DF737C9F569}.Debug|Any CPU.ActiveCfg = Debug|Any CPU
		{8E82E01F-FCE1-417D-9B09-2DF737C9F569}.Debug|Any CPU.Build.0 = Debug|Any CPU
		{8E82E01F-FCE1-417D-9B09-2DF737C9F569}.Release|Any CPU.ActiveCfg = Release|Any CPU
		{8E82E01F-FCE1-417D-9B09-2DF737C9F569}.Release|Any CPU.Build.0 = Release|Any CPU
		{A0ED80BC-80D5-41B8-B73B-CD7731005F80}.Debug|Any CPU.ActiveCfg = Debug|Any CPU
		{A0ED80BC-80D5-41B8-B73B-CD7731005F80}.Debug|Any CPU.Build.0 = Debug|Any CPU
		{A0ED80BC-80D5-41B8-B73B-CD7731005F80}.Release|Any CPU.ActiveCfg = Release|Any CPU
		{A0ED80BC-80D5-41B8-B73B-CD7731005F80}.Release|Any CPU.Build.0 = Release|Any CPU
		{74BD53B4-74EE-4809-AAAE-A72DAD86AE43}.Debug|Any CPU.ActiveCfg = Debug|Any CPU
		{74BD53B4-74EE-4809-AAAE-A72DAD86AE43}.Debug|Any CPU.Build.0 = Debug|Any CPU
		{74BD53B4-74EE-4809-AAAE-A72DAD86AE43}.Release|Any CPU.ActiveCfg = Release|Any CPU
		{74BD53B4-74EE-4809-AAAE-A72DAD86AE43}.Release|Any CPU.Build.0 = Release|Any CPU
		{5E80AE27-EC53-44D7-AC5B-A05A6877FFBE}.Debug|Any CPU.ActiveCfg = Debug|Any CPU
		{5E80AE27-EC53-44D7-AC5B-A05A6877FFBE}.Debug|Any CPU.Build.0 = Debug|Any CPU
		{5E80AE27-EC53-44D7-AC5B-A05A6877FFBE}.Release|Any CPU.ActiveCfg = Release|Any CPU
		{5E80AE27-EC53-44D7-AC5B-A05A6877FFBE}.Release|Any CPU.Build.0 = Release|Any CPU
		{D847D173-164F-4FF4-B6B9-038621BD0A57}.Debug|Any CPU.ActiveCfg = Debug|Any CPU
		{D847D173-164F-4FF4-B6B9-038621BD0A57}.Debug|Any CPU.Build.0 = Debug|Any CPU
		{D847D173-164F-4FF4-B6B9-038621BD0A57}.Release|Any CPU.ActiveCfg = Release|Any CPU
		{D847D173-164F-4FF4-B6B9-038621BD0A57}.Release|Any CPU.Build.0 = Release|Any CPU
		{D662073F-F83D-4A0F-AC9D-86AF4D1D8991}.Debug|Any CPU.ActiveCfg = Debug|Any CPU
		{D662073F-F83D-4A0F-AC9D-86AF4D1D8991}.Debug|Any CPU.Build.0 = Debug|Any CPU
		{D662073F-F83D-4A0F-AC9D-86AF4D1D8991}.Release|Any CPU.ActiveCfg = Release|Any CPU
		{D662073F-F83D-4A0F-AC9D-86AF4D1D8991}.Release|Any CPU.Build.0 = Release|Any CPU
		{2BD170F9-4D91-4E54-82C3-DA77B9579553}.Debug|Any CPU.ActiveCfg = Debug|Any CPU
		{2BD170F9-4D91-4E54-82C3-DA77B9579553}.Debug|Any CPU.Build.0 = Debug|Any CPU
		{2BD170F9-4D91-4E54-82C3-DA77B9579553}.Release|Any CPU.ActiveCfg = Release|Any CPU
		{2BD170F9-4D91-4E54-82C3-DA77B9579553}.Release|Any CPU.Build.0 = Release|Any CPU
		{6D3C4F63-3078-4EB4-BA3F-6FE586721CFF}.Debug|Any CPU.ActiveCfg = Debug|Any CPU
		{6D3C4F63-3078-4EB4-BA3F-6FE586721CFF}.Debug|Any CPU.Build.0 = Debug|Any CPU
		{6D3C4F63-3078-4EB4-BA3F-6FE586721CFF}.Release|Any CPU.ActiveCfg = Release|Any CPU
		{6D3C4F63-3078-4EB4-BA3F-6FE586721CFF}.Release|Any CPU.Build.0 = Release|Any CPU
		{850EC39A-A975-4822-AC2A-A1D145BD0795}.Debug|Any CPU.ActiveCfg = Debug|Any CPU
		{850EC39A-A975-4822-AC2A-A1D145BD0795}.Debug|Any CPU.Build.0 = Debug|Any CPU
		{850EC39A-A975-4822-AC2A-A1D145BD0795}.Release|Any CPU.ActiveCfg = Release|Any CPU
		{850EC39A-A975-4822-AC2A-A1D145BD0795}.Release|Any CPU.Build.0 = Release|Any CPU
		{8B8BB643-3F05-4E0E-82FD-210F20CFFA2E}.Debug|Any CPU.ActiveCfg = Debug|Any CPU
		{8B8BB643-3F05-4E0E-82FD-210F20CFFA2E}.Debug|Any CPU.Build.0 = Debug|Any CPU
		{8B8BB643-3F05-4E0E-82FD-210F20CFFA2E}.Release|Any CPU.ActiveCfg = Release|Any CPU
		{8B8BB643-3F05-4E0E-82FD-210F20CFFA2E}.Release|Any CPU.Build.0 = Release|Any CPU
		{1FA77078-8D25-4638-9AAD-55ED613ADBFB}.Debug|Any CPU.ActiveCfg = Debug|Any CPU
		{1FA77078-8D25-4638-9AAD-55ED613ADBFB}.Debug|Any CPU.Build.0 = Debug|Any CPU
		{1FA77078-8D25-4638-9AAD-55ED613ADBFB}.Release|Any CPU.ActiveCfg = Release|Any CPU
		{1FA77078-8D25-4638-9AAD-55ED613ADBFB}.Release|Any CPU.Build.0 = Release|Any CPU
		{4678B05E-CD3D-4E6E-BB1A-4FCA86664640}.Debug|Any CPU.ActiveCfg = Debug|Any CPU
		{4678B05E-CD3D-4E6E-BB1A-4FCA86664640}.Debug|Any CPU.Build.0 = Debug|Any CPU
		{4678B05E-CD3D-4E6E-BB1A-4FCA86664640}.Release|Any CPU.ActiveCfg = Release|Any CPU
		{4678B05E-CD3D-4E6E-BB1A-4FCA86664640}.Release|Any CPU.Build.0 = Release|Any CPU
		{1264CEB8-195B-4C5F-B368-005D5B88B18D}.Debug|Any CPU.ActiveCfg = Debug|Any CPU
		{1264CEB8-195B-4C5F-B368-005D5B88B18D}.Debug|Any CPU.Build.0 = Debug|Any CPU
		{1264CEB8-195B-4C5F-B368-005D5B88B18D}.Release|Any CPU.ActiveCfg = Release|Any CPU
		{1264CEB8-195B-4C5F-B368-005D5B88B18D}.Release|Any CPU.Build.0 = Release|Any CPU
		{63759FDA-2CB3-4323-8B02-C575160F9AE6}.Debug|Any CPU.ActiveCfg = Debug|Any CPU
		{63759FDA-2CB3-4323-8B02-C575160F9AE6}.Debug|Any CPU.Build.0 = Debug|Any CPU
		{63759FDA-2CB3-4323-8B02-C575160F9AE6}.Release|Any CPU.ActiveCfg = Release|Any CPU
		{63759FDA-2CB3-4323-8B02-C575160F9AE6}.Release|Any CPU.Build.0 = Release|Any CPU
		{C54D688A-69CD-421C-9BC1-DF391A0C13CC}.Debug|Any CPU.ActiveCfg = Debug|Any CPU
		{C54D688A-69CD-421C-9BC1-DF391A0C13CC}.Debug|Any CPU.Build.0 = Debug|Any CPU
		{C54D688A-69CD-421C-9BC1-DF391A0C13CC}.Release|Any CPU.ActiveCfg = Release|Any CPU
		{C54D688A-69CD-421C-9BC1-DF391A0C13CC}.Release|Any CPU.Build.0 = Release|Any CPU
		{D3C00E91-85C1-42F3-B6AC-8D069F2C0B6D}.Debug|Any CPU.ActiveCfg = Debug|Any CPU
		{D3C00E91-85C1-42F3-B6AC-8D069F2C0B6D}.Debug|Any CPU.Build.0 = Debug|Any CPU
		{D3C00E91-85C1-42F3-B6AC-8D069F2C0B6D}.Release|Any CPU.ActiveCfg = Release|Any CPU
		{D3C00E91-85C1-42F3-B6AC-8D069F2C0B6D}.Release|Any CPU.Build.0 = Release|Any CPU
		{09D2E593-D7CF-44C9-A05A-A321C6212EE0}.Debug|Any CPU.ActiveCfg = Debug|Any CPU
		{09D2E593-D7CF-44C9-A05A-A321C6212EE0}.Debug|Any CPU.Build.0 = Debug|Any CPU
		{09D2E593-D7CF-44C9-A05A-A321C6212EE0}.Release|Any CPU.ActiveCfg = Release|Any CPU
		{09D2E593-D7CF-44C9-A05A-A321C6212EE0}.Release|Any CPU.Build.0 = Release|Any CPU
		{F8DF05F3-1026-4CD9-B71C-8D4037F69E80}.Debug|Any CPU.ActiveCfg = Debug|Any CPU
		{F8DF05F3-1026-4CD9-B71C-8D4037F69E80}.Debug|Any CPU.Build.0 = Debug|Any CPU
		{F8DF05F3-1026-4CD9-B71C-8D4037F69E80}.Release|Any CPU.ActiveCfg = Release|Any CPU
		{F8DF05F3-1026-4CD9-B71C-8D4037F69E80}.Release|Any CPU.Build.0 = Release|Any CPU
	EndGlobalSection
	GlobalSection(SolutionProperties) = preSolution
		HideSolutionNode = FALSE
	EndGlobalSection
	GlobalSection(ExtensibilityGlobals) = postSolution
		SolutionGuid = {DD56B97F-A47A-4BE7-92F2-A717493935DF}
	EndGlobalSection
EndGlobal
